
Microsoft Visual Studio Solution File, Format Version 12.00
# Visual Studio Version 17
VisualStudioVersion = 17.6.33829.357
MinimumVisualStudioVersion = 10.0.40219.1
Project("{FAE04EC0-301F-11D3-BF4B-00C04F79EFBC}") = "NumberAnalyzerLab", "NumberAnalyzerLab.csproj", "{327CD609-F308-498C-A96B-FE6D5CF077A7}"
EndProject
Global
	GlobalSection(SolutionConfigurationPlatforms) = preSolution
		Debug|Any CPU = Debug|Any CPU
		Release|Any CPU = Release|Any CPU
	EndGlobalSection
	GlobalSection(ProjectConfigurationPlatforms) = postSolution
		{327CD609-F308-498C-A96B-FE6D5CF077A7}.Debug|Any CPU.ActiveCfg = Debug|Any CPU
		{327CD609-F308-498C-A96B-FE6D5CF077A7}.Debug|Any CPU.Build.0 = Debug|Any CPU
		{327CD609-F308-498C-A96B-FE6D5CF077A7}.Release|Any CPU.ActiveCfg = Release|Any CPU
		{327CD609-F308-498C-A96B-FE6D5CF077A7}.Release|Any CPU.Build.0 = Release|Any CPU
	EndGlobalSection
	GlobalSection(SolutionProperties) = preSolution
		HideSolutionNode = FALSE
	EndGlobalSection
	GlobalSection(ExtensibilityGlobals) = postSolution
		SolutionGuid = {F8BDC782-3192-4FA1-9E09-2E2C3C067ECC}
	EndGlobalSection
EndGlobal
